
Microsoft Visual Studio Solution File, Format Version 12.00
# Visual Studio Version 17
VisualStudioVersion = 17.11.35327.3
MinimumVisualStudioVersion = 10.0.40219.1
Project("{FAE04EC0-301F-11D3-BF4B-00C04F79EFBC}") = "ilk winform", "ilk winform\ilk winform.csproj", "{C519055A-BAEB-4EAB-B0A5-F5D210672E44}"
EndProject
Global
	GlobalSection(SolutionConfigurationPlatforms) = preSolution
		Debug|Any CPU = Debug|Any CPU
		Release|Any CPU = Release|Any CPU
	EndGlobalSection
	GlobalSection(ProjectConfigurationPlatforms) = postSolution
		{C519055A-BAEB-4EAB-B0A5-F5D210672E44}.Debug|Any CPU.ActiveCfg = Debug|Any CPU
		{C519055A-BAEB-4EAB-B0A5-F5D210672E44}.Debug|Any CPU.Build.0 = Debug|Any CPU
		{C519055A-BAEB-4EAB-B0A5-F5D210672E44}.Release|Any CPU.ActiveCfg = Release|Any CPU
		{C519055A-BAEB-4EAB-B0A5-F5D210672E44}.Release|Any CPU.Build.0 = Release|Any CPU
	EndGlobalSection
	GlobalSection(SolutionProperties) = preSolution
		HideSolutionNode = FALSE
	EndGlobalSection
	GlobalSection(ExtensibilityGlobals) = postSolution
		SolutionGuid = {0ECABFCE-231E-42F0-BE4C-C9F6E7CE48C8}
	EndGlobalSection
EndGlobal
